
Microsoft Visual Studio Solution File, Format Version 12.00
# Visual Studio Version 17
VisualStudioVersion = 17.3.32901.215
MinimumVisualStudioVersion = 10.0.40219.1
Project("{FAE04EC0-301F-11D3-BF4B-00C04F79EFBC}") = "BlazorAuthentication.Server", "BlazorAuthentication\Server\BlazorAuthentication.Server.csproj", "{2E8ACD3B-20BC-4163-90D7-B57544B209F6}"
EndProject
Project("{FAE04EC0-301F-11D3-BF4B-00C04F79EFBC}") = "BlazorAuthentication.Client", "BlazorAuthentication\Client\BlazorAuthentication.Client.csproj", "{5DC22B7A-8568-4A2F-BB6E-E42A1B0ED6D7}"
EndProject
Project("{FAE04EC0-301F-11D3-BF4B-00C04F79EFBC}") = "BlazorAuthentication.Shared", "BlazorAuthentication\Shared\BlazorAuthentication.Shared.csproj", "{DBC74A1A-74AE-43D9-AD8B-A7233BF51584}"
EndProject
Global
	GlobalSection(SolutionConfigurationPlatforms) = preSolution
		Debug|Any CPU = Debug|Any CPU
		Release|Any CPU = Release|Any CPU
	EndGlobalSection
	GlobalSection(ProjectConfigurationPlatforms) = postSolution
		{2E8ACD3B-20BC-4163-90D7-B57544B209F6}.Debug|Any CPU.ActiveCfg = Debug|Any CPU
		{2E8ACD3B-20BC-4163-90D7-B57544B209F6}.Debug|Any CPU.Build.0 = Debug|Any CPU
		{2E8ACD3B-20BC-4163-90D7-B57544B209F6}.Release|Any CPU.ActiveCfg = Release|Any CPU
		{2E8ACD3B-20BC-4163-90D7-B57544B209F6}.Release|Any CPU.Build.0 = Release|Any CPU
		{5DC22B7A-8568-4A2F-BB6E-E42A1B0ED6D7}.Debug|Any CPU.ActiveCfg = Debug|Any CPU
		{5DC22B7A-8568-4A2F-BB6E-E42A1B0ED6D7}.Debug|Any CPU.Build.0 = Debug|Any CPU
		{5DC22B7A-8568-4A2F-BB6E-E42A1B0ED6D7}.Release|Any CPU.ActiveCfg = Release|Any CPU
		{5DC22B7A-8568-4A2F-BB6E-E42A1B0ED6D7}.Release|Any CPU.Build.0 = Release|Any CPU
		{DBC74A1A-74AE-43D9-AD8B-A7233BF51584}.Debug|Any CPU.ActiveCfg = Debug|Any CPU
		{DBC74A1A-74AE-43D9-AD8B-A7233BF51584}.Debug|Any CPU.Build.0 = Debug|Any CPU
		{DBC74A1A-74AE-43D9-AD8B-A7233BF51584}.Release|Any CPU.ActiveCfg = Release|Any CPU
		{DBC74A1A-74AE-43D9-AD8B-A7233BF51584}.Release|Any CPU.Build.0 = Release|Any CPU
	EndGlobalSection
	GlobalSection(SolutionProperties) = preSolution
		HideSolutionNode = FALSE
	EndGlobalSection
	GlobalSection(ExtensibilityGlobals) = postSolution
		SolutionGuid = {EABA7951-618B-4ABF-9AD2-425C04423A59}
	EndGlobalSection
EndGlobal
